[[package]]
name = "anyascii"
version = "0.3.2"
description = "Unicode to ASCII transliteration"
category = "main"
optional = false
python-versions = ">=3.3"

[[package]]
name = "asgiref"
version = "3.7.2"
description = "ASGI specs, helper code, and adapters"
category = "main"
optional = false
python-versions = ">=3.7"

[package.dependencies]
typing-extensions = {version = ">=4", markers = "python_version < \"3.11\""}

[package.extras]
tests = ["pytest", "pytest-asyncio", "mypy (>=0.800)"]

[[package]]
name = "beautifulsoup4"
version = "4.11.2"
description = "Screen-scraping library"
category = "main"
optional = false
python-versions = ">=3.6.0"

[package.dependencies]
soupsieve = ">1.2"

[package.extras]
html5lib = ["html5lib"]
lxml = ["lxml"]

[[package]]
name = "blocklogginginator"
version = "1.0.6"
description = "A silly class to logging blocks execution time."
category = "main"
optional = false
python-versions = "*"

[[package]]
name = "certifi"
version = "2023.7.22"
description = "Python package for providing Mozilla's CA Bundle."
category = "main"
optional = false
python-versions = ">=3.6"

[[package]]
name = "charset-normalizer"
version = "3.2.0"
description = "The Real First Universal Charset Detector. Open, modern and actively maintained alternative to Chardet."
category = "main"
optional = false
python-versions = ">=3.7.0"

[[package]]
name = "defusedxml"
version = "0.7.1"
description = "XML bomb protection for Python stdlib modules"
category = "main"
optional = false
python-versions = ">=2.7, !=3.0.*, !=3.1.*, !=3.2.*, !=3.3.*, !=3.4.*"

[[package]]
name = "django"
version = "4.2.4"
description = "A high-level Python web framework that encourages rapid development and clean, pragmatic design."
category = "main"
optional = false
python-versions = ">=3.8"

[package.dependencies]
asgiref = ">=3.6.0,<4"
sqlparse = ">=0.3.1"
tzdata = {version = "*", markers = "sys_platform == \"win32\""}

[package.extras]
argon2 = ["argon2-cffi (>=19.1.0)"]
bcrypt = ["bcrypt"]

[[package]]
name = "django-filter"
version = "23.2"
description = "Django-filter is a reusable Django application for allowing users to filter querysets dynamically."
category = "main"
optional = false
python-versions = ">=3.7"

[package.dependencies]
Django = ">=3.2"

[[package]]
name = "django-modelcluster"
version = "6.0"
description = "Django extension to allow working with 'clusters' of models as a single unit, independently of the database"
category = "main"
optional = false
python-versions = ">=3.7"

[package.dependencies]
django = ">=2.2"
pytz = ">=2015.2"

[package.extras]
taggit = ["django-taggit (>=0.20)"]

[[package]]
name = "django-permissionedforms"
version = "0.1"
description = "Django extension for creating forms that vary according to user permissions"
category = "main"
optional = false
python-versions = ">=3.7"

[package.dependencies]
Django = "*"

[package.extras]
testing = ["django-modelcluster"]

[[package]]
name = "django-taggit"
version = "4.0.0"
description = "django-taggit is a reusable Django application for simple tagging."
category = "main"
optional = false
python-versions = ">=3.6"

[package.dependencies]
Django = ">=3.2"

[[package]]
name = "django-treebeard"
version = "4.7"
description = "Efficient tree implementations for Django"
category = "main"
optional = false
python-versions = ">=3.8"

[package.dependencies]
Django = ">=3.2"

[[package]]
name = "djangorestframework"
version = "3.14.0"
description = "Web APIs for Django, made easy."
category = "main"
optional = false
python-versions = ">=3.6"

[package.dependencies]
django = ">=3.0"
pytz = "*"

[[package]]
name = "draftjs-exporter"
version = "2.1.7"
description = "Library to convert rich text from Draft.js raw ContentState to HTML"
category = "main"
optional = false
python-versions = "*"

[package.extras]
html5lib = ["beautifulsoup4 (>=4.4.1,<5)", "html5lib (>=0.999,<=1.0.1)"]
lxml = ["lxml (>=4.2.0,<5)"]
testing = ["tox (>=2.3.1)", "markov-draftjs (==0.1.1)", "memory-profiler (==0.47)", "psutil (==5.4.1)", "coverage (>=4.1.0)", "flake8 (>=3.2.0)", "isort (==4.2.5)", "beautifulsoup4 (>=4.4.1,<5)", "html5lib (>=0.999,<=1.0.1)", "lxml (>=4.2.0,<5)"]

[[package]]
name = "et-xmlfile"
version = "1.1.0"
description = "An implementation of lxml.xmlfile for the standard library"
category = "main"
optional = false
python-versions = ">=3.6"

[[package]]
name = "filetype"
version = "1.2.0"
description = "Infer file type and MIME type of any file/buffer. No external dependencies."
category = "main"
optional = false
python-versions = "*"

[[package]]
name = "html5lib"
version = "1.1"
description = "HTML parser based on the WHATWG HTML specification"
category = "main"
optional = false
python-versions = ">=2.7, !=3.0.*, !=3.1.*, !=3.2.*, !=3.3.*, !=3.4.*"

[package.dependencies]
six = ">=1.9"
webencodings = "*"

[package.extras]
all = ["genshi", "chardet (>=2.2)", "lxml"]
chardet = ["chardet (>=2.2)"]
genshi = ["genshi"]
lxml = ["lxml"]

[[package]]
name = "idna"
version = "3.4"
description = "Internationalized Domain Names in Applications (IDNA)"
category = "main"
optional = false
python-versions = ">=3.5"

[[package]]
name = "l18n"
version = "2021.3"
description = "Internationalization for pytz timezones and territories"
category = "main"
optional = false
python-versions = "*"

[package.dependencies]
pytz = ">=2020.1"
six = "*"

[[package]]
name = "openpyxl"
version = "3.1.2"
description = "A Python library to read/write Excel 2010 xlsx/xlsm files"
category = "main"
optional = false
python-versions = ">=3.6"

[package.dependencies]
et-xmlfile = "*"

[[package]]
name = "pillow"
version = "10.0.0"
description = "Python Imaging Library (Fork)"
category = "main"
optional = false
python-versions = ">=3.8"

[package.extras]
docs = ["furo", "olefile", "sphinx (>=2.4)", "sphinx-copybutton", "sphinx-inline-tabs", "sphinx-removed-in", "sphinxext-opengraph"]
tests = ["check-manifest", "coverage", "defusedxml", "markdown2", "olefile", "packaging", "pyroma", "pytest", "pytest-cov", "pytest-timeout"]

[[package]]
name = "pillow-heif"
version = "0.13.0"
description = "Python interface for libheif library"
category = "main"
optional = false
python-versions = ">=3.8"

[package.dependencies]
pillow = ">=9.1.1"

[package.extras]
dev = ["pytest", "defusedxml", "packaging", "numpy", "pympler", "opencv-python (==4.8.0.74)", "pre-commit", "pylint", "coverage"]
docs = ["sphinx (>=4.4)", "sphinx-issues (>=3.0.1)", "sphinx-rtd-theme (>=1.0)"]
tests = ["pytest", "defusedxml", "packaging", "numpy", "pympler"]
tests-min = ["pytest", "defusedxml", "packaging"]

[[package]]
name = "pytz"
version = "2023.3"
description = "World timezone definitions, modern and historical"
category = "main"
optional = false
python-versions = "*"

[[package]]
name = "requests"
version = "2.31.0"
description = "Python HTTP for Humans."
category = "main"
optional = false
python-versions = ">=3.7"

[package.dependencies]
certifi = ">=2017.4.17"
charset-normalizer = ">=2,<4"
idna = ">=2.5,<4"
urllib3 = ">=1.21.1,<3"

[package.extras]
socks = ["PySocks (>=1.5.6,!=1.5.7)"]
use_chardet_on_py3 = ["chardet (>=3.0.2,<6)"]

[[package]]
name = "six"
version = "1.16.0"
description = "Python 2 and 3 compatibility utilities"
category = "main"
optional = false
python-versions = ">=2.7, !=3.0.*, !=3.1.*, !=3.2.*"

[[package]]
name = "soupsieve"
version = "2.4.1"
description = "A modern CSS selector implementation for Beautiful Soup."
category = "main"
optional = false
python-versions = ">=3.7"

[[package]]
name = "sqlparse"
version = "0.4.4"
description = "A non-validating SQL parser."
category = "main"
optional = false
python-versions = ">=3.5"

[package.extras]
dev = ["flake8", "build"]
doc = ["sphinx"]
test = ["pytest", "pytest-cov"]

[[package]]
name = "telepath"
version = "0.3.1"
description = "A library for exchanging data between Python and JavaScript"
category = "main"
optional = false
python-versions = ">=3.8"

[package.extras]
docs = ["mkdocs (>=1.1,<1.2)", "mkdocs-material (>=6.2,<6.3)"]

[[package]]
name = "typing-extensions"
version = "4.7.1"
description = "Backported and Experimental Type Hints for Python 3.7+"
category = "main"
optional = false
python-versions = ">=3.7"

[[package]]
name = "tzdata"
version = "2023.3"
description = "Provider of IANA time zone data"
category = "main"
optional = false
python-versions = ">=2"

[[package]]
name = "urllib3"
version = "2.0.4"
description = "HTTP library with thread-safe connection pooling, file post, and more."
category = "main"
optional = false
python-versions = ">=3.7"

[package.extras]
brotli = ["brotli (>=1.0.9)", "brotlicffi (>=0.8.0)"]
secure = ["certifi", "cryptography (>=1.9)", "idna (>=2.0.0)", "pyopenssl (>=17.1.0)", "urllib3-secure-extra"]
socks = ["pysocks (>=1.5.6,!=1.5.7,<2.0)"]
zstd = ["zstandard (>=0.18.0)"]

[[package]]
name = "wagtail"
version = "5.1.1"
description = "A Django content management system."
category = "main"
optional = false
python-versions = ">=3.8"

[package.dependencies]
anyascii = ">=0.1.5"
beautifulsoup4 = ">=4.8,<4.12"
Django = ">=3.2,<4.3"
django-filter = ">=2.2,<24"
django-modelcluster = ">=6.0,<7.0"
django-permissionedforms = ">=0.1,<1.0"
django-taggit = ">=2.0,<5.0"
django-treebeard = ">=4.5.1,<5.0"
djangorestframework = ">=3.11.1,<4.0"
draftjs-exporter = ">=2.1.5,<3.0"
html5lib = ">=0.999,<2"
l18n = ">=2018.5"
openpyxl = ">=3.0.10,<4.0"
Pillow = ">=9.1.0,<11.0.0"
requests = ">=2.11.1,<3.0"
telepath = ">=0.1.1,<1"
Willow = {version = ">=1.6,<1.7", extras = ["heif"]}

[package.extras]
docs = ["pyenchant (>=3.1.1,<4)", "sphinxcontrib-spelling (>=5.4.0,<6)", "Sphinx (>=1.5.2)", "sphinx-autobuild (>=0.6.0)", "sphinx-wagtail-theme (==6.1.1)", "myst-parser (==0.18.1)", "sphinx-copybutton (>=0.5,<1.0)"]
testing = ["python-dateutil (>=2.7)", "pytz (>=2014.7)", "Jinja2 (>=3.0,<3.2)", "boto3 (>=1.16,<1.17)", "freezegun (>=0.3.8)", "azure-mgmt-cdn (>=12.0,<13.0)", "azure-mgmt-frontdoor (>=1.0,<1.1)", "django-pattern-library (>=0.7,<0.8)", "coverage (>=3.7.0)", "black (==22.3.0)", "doc8 (==0.8.1)", "ruff (==0.0.272)", "semgrep (==1.3.0)", "curlylint (==0.13.1)", "djhtml (==1.5.2)", "polib (>=1.1,<2.0)", "factory-boy (>=3.2)"]

[[package]]
name = "webencodings"
version = "0.5.1"
description = "Character encoding aliases for legacy web content"
category = "main"
optional = false
python-versions = "*"

[[package]]
name = "willow"
version = "1.6.1"
description = "A Python image library that sits on top of Pillow, Wand and OpenCV"
category = "main"
optional = false
python-versions = ">=3.8"

[package.dependencies]
defusedxml = ">=0.7,<1.0"
filetype = ">=1.0.10,<1.1.0 || >1.1.0"
pillow-heif = {version = ">=0.10.0,<1.0.0", optional = true, markers = "extra == \"heif\""}

[package.extras]
docs = ["Sphinx (>=7.0)", "sphinx-wagtail-theme (==6.0.0)", "sphinxcontrib-spelling (>=8.0,<9.0)", "sphinx_copybutton (>=0.5)"]
heif = ["pillow-heif (>=0.10.0,<1.0.0)"]
testing = ["Pillow (>=9.1.0,<11.0.0)", "Wand (>=0.6,<1.0)", "mock (>=3.0,<4.0)", "pillow-heif (>=0.10.0,<1.0.0)", "black (==22.3.0)", "ruff (==0.0.275)", "coverage[toml] (>=7.2.7,<8.0)"]

[metadata]
lock-version = "1.1"
python-versions = "^3.10"
content-hash = "469a7da1da35a98546a7031249a15b526e116cbb4d32eb17d6a70a5084952cfb"

[metadata.files]
anyascii = []
asgiref = []
beautifulsoup4 = []
blocklogginginator = []
certifi = []
charset-normalizer = []
defusedxml = []
django = []
django-filter = []
django-modelcluster = []
django-permissionedforms = []
django-taggit = []
django-treebeard = []
djangorestframework = []
draftjs-exporter = []
et-xmlfile = []
filetype = []
html5lib = []
idna = []
l18n = []
openpyxl = []
pillow = []
pillow-heif = []
pytz = []
requests = []
six = []
soupsieve = []
sqlparse = []
telepath = []
typing-extensions = []
tzdata = []
urllib3 = []
wagtail = []
webencodings = []
willow = []
